
Microsoft Visual Studio Solution File, Format Version 12.00
# Visual Studio 2013
VisualStudioVersion = 12.0.30501.0
MinimumVisualStudioVersion = 10.0.40219.1
Project("{FAE04EC0-301F-11D3-BF4B-00C04F79EFBC}") = "SampleExplorer", "SampleExplorer\SampleExplorer.csproj", "{68D5BF33-51E1-41A9-A003-5E9B550F3C5A}"
EndProject
Project("{2150E333-8FDC-42A3-9474-1A3956D46DE8}") = "Libraries", "Libraries", "{13C308E1-55F4-4F7A-8B45-224132857FDD}"
EndProject
Project("{FAE04EC0-301F-11D3-BF4B-00C04F79EFBC}") = "Xceed.Wpf.AvalonDock", "Xceed.Wpf.AvalonDock\Xceed.Wpf.AvalonDock.csproj", "{DB81988F-E0F2-45A0-A1FD-8C37F3D35244}"
EndProject
Project("{2150E333-8FDC-42A3-9474-1A3956D46DE8}") = ".nuget", ".nuget", "{CEE706EB-21EF-4B4A-8386-EFE4D70FE3F2}"
	ProjectSection(SolutionItems) = preProject
		.nuget\packages.config = .nuget\packages.config
	EndProjectSection
EndProject
Global
	GlobalSection(SolutionConfigurationPlatforms) = preSolution
		Debug|Any CPU = Debug|Any CPU
		Release|Any CPU = Release|Any CPU
	EndGlobalSection
	GlobalSection(ProjectConfigurationPlatforms) = postSolution
		{68D5BF33-51E1-41A9-A003-5E9B550F3C5A}.Debug|Any CPU.ActiveCfg = Debug|Any CPU
		{68D5BF33-51E1-41A9-A003-5E9B550F3C5A}.Debug|Any CPU.Build.0 = Debug|Any CPU
		{68D5BF33-51E1-41A9-A003-5E9B550F3C5A}.Release|Any CPU.ActiveCfg = Release|Any CPU
		{68D5BF33-51E1-41A9-A003-5E9B550F3C5A}.Release|Any CPU.Build.0 = Release|Any CPU
		{DB81988F-E0F2-45A0-A1FD-8C37F3D35244}.Debug|Any CPU.ActiveCfg = Debug|Any CPU
		{DB81988F-E0F2-45A0-A1FD-8C37F3D35244}.Debug|Any CPU.Build.0 = Debug|Any CPU
		{DB81988F-E0F2-45A0-A1FD-8C37F3D35244}.Release|Any CPU.ActiveCfg = Release|Any CPU
		{DB81988F-E0F2-45A0-A1FD-8C37F3D35244}.Release|Any CPU.Build.0 = Release|Any CPU
	EndGlobalSection
	GlobalSection(SolutionProperties) = preSolution
		HideSolutionNode = FALSE
	EndGlobalSection
	GlobalSection(NestedProjects) = preSolution
		{DB81988F-E0F2-45A0-A1FD-8C37F3D35244} = {13C308E1-55F4-4F7A-8B45-224132857FDD}
	EndGlobalSection
EndGlobal
