
Microsoft Visual Studio Solution File, Format Version 11.00
# Visual Studio 2010
Project("{FAE04EC0-301F-11D3-BF4B-00C04F79EFBC}") = "Parakeet", "Parakeet\Parakeet.csproj", "{F6C7F39E-1B46-403B-8EAC-10543EECBDF3}"
EndProject
Project("{FAE04EC0-301F-11D3-BF4B-00C04F79EFBC}") = "Parakeet.DataModel", "Parakeet.DataModel\Parakeet.DataModel.csproj", "{7C7F1A56-1BBD-4776-828B-578654F4915C}"
EndProject
Project("{FAE04EC0-301F-11D3-BF4B-00C04F79EFBC}") = "Parakeet.DataMapper", "Parakeet.DataMapper\Parakeet.DataMapper.csproj", "{B7F4B595-222B-4BB9-BA17-4876D953DB32}"
EndProject
Project("{FAE04EC0-301F-11D3-BF4B-00C04F79EFBC}") = "Parakeet.DomainServices", "Parakeet.DomainServices\Parakeet.DomainServices.csproj", "{263DB557-8FAC-471E-8F43-1D78B89A585B}"
EndProject
Project("{FAE04EC0-301F-11D3-BF4B-00C04F79EFBC}") = "Parakeet.Sessions", "Parakeet.Sessions\Parakeet.Sessions.csproj", "{E4438CC1-4B82-450A-BD46-9DC04C76275E}"
EndProject
Global
	GlobalSection(SolutionConfigurationPlatforms) = preSolution
		Debug|Any CPU = Debug|Any CPU
		Debug|Mixed Platforms = Debug|Mixed Platforms
		Debug|x86 = Debug|x86
		Release|Any CPU = Release|Any CPU
		Release|Mixed Platforms = Release|Mixed Platforms
		Release|x86 = Release|x86
	EndGlobalSection
	GlobalSection(ProjectConfigurationPlatforms) = postSolution
		{F6C7F39E-1B46-403B-8EAC-10543EECBDF3}.Debug|Any CPU.ActiveCfg = Debug|x86
		{F6C7F39E-1B46-403B-8EAC-10543EECBDF3}.Debug|Mixed Platforms.ActiveCfg = Debug|x86
		{F6C7F39E-1B46-403B-8EAC-10543EECBDF3}.Debug|Mixed Platforms.Build.0 = Debug|x86
		{F6C7F39E-1B46-403B-8EAC-10543EECBDF3}.Debug|x86.ActiveCfg = Debug|x86
		{F6C7F39E-1B46-403B-8EAC-10543EECBDF3}.Debug|x86.Build.0 = Debug|x86
		{F6C7F39E-1B46-403B-8EAC-10543EECBDF3}.Release|Any CPU.ActiveCfg = Release|x86
		{F6C7F39E-1B46-403B-8EAC-10543EECBDF3}.Release|Mixed Platforms.ActiveCfg = Release|x86
		{F6C7F39E-1B46-403B-8EAC-10543EECBDF3}.Release|Mixed Platforms.Build.0 = Release|x86
		{F6C7F39E-1B46-403B-8EAC-10543EECBDF3}.Release|x86.ActiveCfg = Release|x86
		{F6C7F39E-1B46-403B-8EAC-10543EECBDF3}.Release|x86.Build.0 = Release|x86
		{7C7F1A56-1BBD-4776-828B-578654F4915C}.Debug|Any CPU.ActiveCfg = Debug|Any CPU
		{7C7F1A56-1BBD-4776-828B-578654F4915C}.Debug|Any CPU.Build.0 = Debug|Any CPU
		{7C7F1A56-1BBD-4776-828B-578654F4915C}.Debug|Mixed Platforms.ActiveCfg = Debug|Any CPU
		{7C7F1A56-1BBD-4776-828B-578654F4915C}.Debug|Mixed Platforms.Build.0 = Debug|Any CPU
		{7C7F1A56-1BBD-4776-828B-578654F4915C}.Debug|x86.ActiveCfg = Debug|Any CPU
		{7C7F1A56-1BBD-4776-828B-578654F4915C}.Release|Any CPU.ActiveCfg = Release|Any CPU
		{7C7F1A56-1BBD-4776-828B-578654F4915C}.Release|Any CPU.Build.0 = Release|Any CPU
		{7C7F1A56-1BBD-4776-828B-578654F4915C}.Release|Mixed Platforms.ActiveCfg = Release|Any CPU
		{7C7F1A56-1BBD-4776-828B-578654F4915C}.Release|Mixed Platforms.Build.0 = Release|Any CPU
		{7C7F1A56-1BBD-4776-828B-578654F4915C}.Release|x86.ActiveCfg = Release|Any CPU
		{B7F4B595-222B-4BB9-BA17-4876D953DB32}.Debug|Any CPU.ActiveCfg = Debug|Any CPU
		{B7F4B595-222B-4BB9-BA17-4876D953DB32}.Debug|Any CPU.Build.0 = Debug|Any CPU
		{B7F4B595-222B-4BB9-BA17-4876D953DB32}.Debug|Mixed Platforms.ActiveCfg = Debug|Any CPU
		{B7F4B595-222B-4BB9-BA17-4876D953DB32}.Debug|Mixed Platforms.Build.0 = Debug|Any CPU
		{B7F4B595-222B-4BB9-BA17-4876D953DB32}.Debug|x86.ActiveCfg = Debug|Any CPU
		{B7F4B595-222B-4BB9-BA17-4876D953DB32}.Release|Any CPU.ActiveCfg = Release|Any CPU
		{B7F4B595-222B-4BB9-BA17-4876D953DB32}.Release|Any CPU.Build.0 = Release|Any CPU
		{B7F4B595-222B-4BB9-BA17-4876D953DB32}.Release|Mixed Platforms.ActiveCfg = Release|Any CPU
		{B7F4B595-222B-4BB9-BA17-4876D953DB32}.Release|Mixed Platforms.Build.0 = Release|Any CPU
		{B7F4B595-222B-4BB9-BA17-4876D953DB32}.Release|x86.ActiveCfg = Release|Any CPU
		{263DB557-8FAC-471E-8F43-1D78B89A585B}.Debug|Any CPU.ActiveCfg = Debug|Any CPU
		{263DB557-8FAC-471E-8F43-1D78B89A585B}.Debug|Any CPU.Build.0 = Debug|Any CPU
		{263DB557-8FAC-471E-8F43-1D78B89A585B}.Debug|Mixed Platforms.ActiveCfg = Debug|Any CPU
		{263DB557-8FAC-471E-8F43-1D78B89A585B}.Debug|Mixed Platforms.Build.0 = Debug|Any CPU
		{263DB557-8FAC-471E-8F43-1D78B89A585B}.Debug|x86.ActiveCfg = Debug|Any CPU
		{263DB557-8FAC-471E-8F43-1D78B89A585B}.Release|Any CPU.ActiveCfg = Release|Any CPU
		{263DB557-8FAC-471E-8F43-1D78B89A585B}.Release|Any CPU.Build.0 = Release|Any CPU
		{263DB557-8FAC-471E-8F43-1D78B89A585B}.Release|Mixed Platforms.ActiveCfg = Release|Any CPU
		{263DB557-8FAC-471E-8F43-1D78B89A585B}.Release|Mixed Platforms.Build.0 = Release|Any CPU
		{263DB557-8FAC-471E-8F43-1D78B89A585B}.Release|x86.ActiveCfg = Release|Any CPU
		{E4438CC1-4B82-450A-BD46-9DC04C76275E}.Debug|Any CPU.ActiveCfg = Debug|Any CPU
		{E4438CC1-4B82-450A-BD46-9DC04C76275E}.Debug|Any CPU.Build.0 = Debug|Any CPU
		{E4438CC1-4B82-450A-BD46-9DC04C76275E}.Debug|Mixed Platforms.ActiveCfg = Debug|Any CPU
		{E4438CC1-4B82-450A-BD46-9DC04C76275E}.Debug|Mixed Platforms.Build.0 = Debug|Any CPU
		{E4438CC1-4B82-450A-BD46-9DC04C76275E}.Debug|x86.ActiveCfg = Debug|Any CPU
		{E4438CC1-4B82-450A-BD46-9DC04C76275E}.Release|Any CPU.ActiveCfg = Release|Any CPU
		{E4438CC1-4B82-450A-BD46-9DC04C76275E}.Release|Any CPU.Build.0 = Release|Any CPU
		{E4438CC1-4B82-450A-BD46-9DC04C76275E}.Release|Mixed Platforms.ActiveCfg = Release|Any CPU
		{E4438CC1-4B82-450A-BD46-9DC04C76275E}.Release|Mixed Platforms.Build.0 = Release|Any CPU
		{E4438CC1-4B82-450A-BD46-9DC04C76275E}.Release|x86.ActiveCfg = Release|Any CPU
	EndGlobalSection
	GlobalSection(SolutionProperties) = preSolution
		HideSolutionNode = FALSE
	EndGlobalSection
EndGlobal
