
Microsoft Visual Studio Solution File, Format Version 12.00
# Visual Studio 14
VisualStudioVersion = 14.0.25420.1
MinimumVisualStudioVersion = 10.0.40219.1
Project("{FAE04EC0-301F-11D3-BF4B-00C04F79EFBC}") = "TplQuickSort3", "Algorithms\TplQuickSort3.csproj", "{FE5CA9D9-A5ED-49E9-B5D7-7535DDB90FCD}"
EndProject
Project("{FAE04EC0-301F-11D3-BF4B-00C04F79EFBC}") = "MyWpfActionItemList1", "MyWpfActionItemList1\MyWpfActionItemList1.csproj", "{79F7F6C7-A9CC-490F-B49C-FF18077B9812}"
EndProject
Project("{FAE04EC0-301F-11D3-BF4B-00C04F79EFBC}") = "MyWpfCalculator1", "MyWpfCalculator1\MyWpfCalculator1.csproj", "{54C6A785-6CC5-49B1-8D7F-60E2DDB67182}"
EndProject
Project("{FAE04EC0-301F-11D3-BF4B-00C04F79EFBC}") = "MyWpfCalculator2", "MyWpfCalculator2\MyWpfCalculator2.csproj", "{008B5888-EEC2-4CC4-AA31-AD4DB0FB1ECC}"
EndProject
Project("{FAE04EC0-301F-11D3-BF4B-00C04F79EFBC}") = "TplQuickSort1", "TplQuickSort1\TplQuickSort1.csproj", "{FA908EE7-15D1-49E3-8A54-447D8864AB50}"
EndProject
Project("{FAE04EC0-301F-11D3-BF4B-00C04F79EFBC}") = "TplQuickSort2", "TplQuickSort2\TplQuickSort2.csproj", "{EE28CE24-AC41-4A4B-99EE-ACC63A24EAD7}"
EndProject
Project("{2150E333-8FDC-42A3-9474-1A3956D46DE8}") = "QuickSort", "QuickSort", "{F12E24EB-1CAB-434E-862C-6E6F060633CE}"
EndProject
Project("{2150E333-8FDC-42A3-9474-1A3956D46DE8}") = "Calculator", "Calculator", "{4003638C-96C3-41A3-9D0A-E2929468C7A7}"
EndProject
Project("{2150E333-8FDC-42A3-9474-1A3956D46DE8}") = "ActionItemList", "ActionItemList", "{9454214C-139A-40E3-A55E-2727D5F52C10}"
EndProject
Project("{2150E333-8FDC-42A3-9474-1A3956D46DE8}") = "MergeSort", "MergeSort", "{2DFCA777-EE96-4E87-B596-1F2C8A664369}"
EndProject
Project("{FAE04EC0-301F-11D3-BF4B-00C04F79EFBC}") = "TplMergeSort1", "TplMergeSort1\TplMergeSort1.csproj", "{EA110D31-036C-4BEB-A03B-9C1A6BA3DA8B}"
EndProject
Project("{FAE04EC0-301F-11D3-BF4B-00C04F79EFBC}") = "MyWpfCalculator3", "MyWpfCalculator3\MyWpfCalculator3.csproj", "{C5C0FC66-6CC7-42BB-91EF-BD42A88BD63B}"
EndProject
Project("{FAE04EC0-301F-11D3-BF4B-00C04F79EFBC}") = "WpfTomighty", "WpfTomighty\WpfTomighty.csproj", "{6FB3D48B-C1F4-4CF2-859E-B76A589BBB16}"
EndProject
Project("{FAE04EC0-301F-11D3-BF4B-00C04F79EFBC}") = "WpfTomighty2", "WpfTomighty2\WpfTomighty2.csproj", "{0A58CF68-7C27-4332-811A-2B6D3BD5EF18}"
EndProject
Project("{2150E333-8FDC-42A3-9474-1A3956D46DE8}") = "Tomighty", "Tomighty", "{9B242BBA-E5D2-4F0B-8EE1-B8983EC9A200}"
EndProject
Project("{2150E333-8FDC-42A3-9474-1A3956D46DE8}") = "PriorityQueue", "PriorityQueue", "{DCADFC83-F476-44C9-85FB-88545AA248CB}"
EndProject
Project("{F2A71F9B-5D33-465A-A702-920D77279786}") = "FSharpLeftistHeap", "FSharpLeftistHeap\FSharpLeftistHeap.fsproj", "{E8FB349C-D47A-4E24-83B8-6A2CCB3A60DA}"
EndProject
Project("{FAE04EC0-301F-11D3-BF4B-00C04F79EFBC}") = "FSharpSpecTests", "FSharpSpecTests\FSharpSpecTests.csproj", "{203BDCA5-2E5D-435B-97F3-FD446AA39FD1}"
EndProject
Project("{2150E333-8FDC-42A3-9474-1A3956D46DE8}") = "AlgorithmsManual", "AlgorithmsManual", "{B914FB3D-497E-431D-88DF-864F8AAF273E}"
EndProject
Project("{F2A71F9B-5D33-465A-A702-920D77279786}") = "FsAlgorithmsDesign", "FsAlgorithmsDesign\FsAlgorithmsDesign.fsproj", "{7ADA0635-4A4B-4974-8907-B50E0A5B5B6E}"
EndProject
Project("{FAE04EC0-301F-11D3-BF4B-00C04F79EFBC}") = "CsAlgorithmsDesign", "CsAlgorithmsDesign\CsAlgorithmsDesign.csproj", "{35E6BCBA-345C-4092-B3FA-F9AB06E09D3D}"
EndProject
Project("{2150E333-8FDC-42A3-9474-1A3956D46DE8}") = "ExternalChallenge", "ExternalChallenge", "{B3ADF383-F3D4-4CE8-AD0C-9549FD34D44F}"
EndProject
Project("{F2A71F9B-5D33-465A-A702-920D77279786}") = "SearchGiant2016", "SearchGiant2016\SearchGiant2016.fsproj", "{AF743F44-6E59-465B-94AA-491803F1F929}"
EndProject
Project("{FAE04EC0-301F-11D3-BF4B-00C04F79EFBC}") = "CsSearchGiant2016", "CsSearchGiant2016\CsSearchGiant2016.csproj", "{CDDE8557-1455-4E1F-9697-1EB4EC07615B}"
EndProject
Project("{2150E333-8FDC-42A3-9474-1A3956D46DE8}") = "FSharpScripts", "FSharpScripts", "{D8054401-5BAB-4959-9AF1-EA750E4F33A1}"
EndProject
Project("{F2A71F9B-5D33-465A-A702-920D77279786}") = "CountyLatLongs", "CountyLatLongs\CountyLatLongs.fsproj", "{D9E36BAC-2E68-4C9B-A1BC-9970F35C723E}"
EndProject
Global
	GlobalSection(SolutionConfigurationPlatforms) = preSolution
		Debug|Any CPU = Debug|Any CPU
		Release|Any CPU = Release|Any CPU
	EndGlobalSection
	GlobalSection(ProjectConfigurationPlatforms) = postSolution
		{FE5CA9D9-A5ED-49E9-B5D7-7535DDB90FCD}.Debug|Any CPU.ActiveCfg = Debug|Any CPU
		{FE5CA9D9-A5ED-49E9-B5D7-7535DDB90FCD}.Debug|Any CPU.Build.0 = Debug|Any CPU
		{FE5CA9D9-A5ED-49E9-B5D7-7535DDB90FCD}.Release|Any CPU.ActiveCfg = Release|Any CPU
		{FE5CA9D9-A5ED-49E9-B5D7-7535DDB90FCD}.Release|Any CPU.Build.0 = Release|Any CPU
		{79F7F6C7-A9CC-490F-B49C-FF18077B9812}.Debug|Any CPU.ActiveCfg = Debug|Any CPU
		{79F7F6C7-A9CC-490F-B49C-FF18077B9812}.Debug|Any CPU.Build.0 = Debug|Any CPU
		{79F7F6C7-A9CC-490F-B49C-FF18077B9812}.Release|Any CPU.ActiveCfg = Release|Any CPU
		{79F7F6C7-A9CC-490F-B49C-FF18077B9812}.Release|Any CPU.Build.0 = Release|Any CPU
		{54C6A785-6CC5-49B1-8D7F-60E2DDB67182}.Debug|Any CPU.ActiveCfg = Debug|Any CPU
		{54C6A785-6CC5-49B1-8D7F-60E2DDB67182}.Debug|Any CPU.Build.0 = Debug|Any CPU
		{54C6A785-6CC5-49B1-8D7F-60E2DDB67182}.Release|Any CPU.ActiveCfg = Release|Any CPU
		{54C6A785-6CC5-49B1-8D7F-60E2DDB67182}.Release|Any CPU.Build.0 = Release|Any CPU
		{008B5888-EEC2-4CC4-AA31-AD4DB0FB1ECC}.Debug|Any CPU.ActiveCfg = Debug|Any CPU
		{008B5888-EEC2-4CC4-AA31-AD4DB0FB1ECC}.Debug|Any CPU.Build.0 = Debug|Any CPU
		{008B5888-EEC2-4CC4-AA31-AD4DB0FB1ECC}.Release|Any CPU.ActiveCfg = Release|Any CPU
		{008B5888-EEC2-4CC4-AA31-AD4DB0FB1ECC}.Release|Any CPU.Build.0 = Release|Any CPU
		{FA908EE7-15D1-49E3-8A54-447D8864AB50}.Debug|Any CPU.ActiveCfg = Debug|Any CPU
		{FA908EE7-15D1-49E3-8A54-447D8864AB50}.Debug|Any CPU.Build.0 = Debug|Any CPU
		{FA908EE7-15D1-49E3-8A54-447D8864AB50}.Release|Any CPU.ActiveCfg = Release|Any CPU
		{FA908EE7-15D1-49E3-8A54-447D8864AB50}.Release|Any CPU.Build.0 = Release|Any CPU
		{EE28CE24-AC41-4A4B-99EE-ACC63A24EAD7}.Debug|Any CPU.ActiveCfg = Debug|Any CPU
		{EE28CE24-AC41-4A4B-99EE-ACC63A24EAD7}.Debug|Any CPU.Build.0 = Debug|Any CPU
		{EE28CE24-AC41-4A4B-99EE-ACC63A24EAD7}.Release|Any CPU.ActiveCfg = Release|Any CPU
		{EE28CE24-AC41-4A4B-99EE-ACC63A24EAD7}.Release|Any CPU.Build.0 = Release|Any CPU
		{EA110D31-036C-4BEB-A03B-9C1A6BA3DA8B}.Debug|Any CPU.ActiveCfg = Debug|Any CPU
		{EA110D31-036C-4BEB-A03B-9C1A6BA3DA8B}.Debug|Any CPU.Build.0 = Debug|Any CPU
		{EA110D31-036C-4BEB-A03B-9C1A6BA3DA8B}.Release|Any CPU.ActiveCfg = Release|Any CPU
		{EA110D31-036C-4BEB-A03B-9C1A6BA3DA8B}.Release|Any CPU.Build.0 = Release|Any CPU
		{C5C0FC66-6CC7-42BB-91EF-BD42A88BD63B}.Debug|Any CPU.ActiveCfg = Debug|Any CPU
		{C5C0FC66-6CC7-42BB-91EF-BD42A88BD63B}.Debug|Any CPU.Build.0 = Debug|Any CPU
		{C5C0FC66-6CC7-42BB-91EF-BD42A88BD63B}.Release|Any CPU.ActiveCfg = Release|Any CPU
		{C5C0FC66-6CC7-42BB-91EF-BD42A88BD63B}.Release|Any CPU.Build.0 = Release|Any CPU
		{6FB3D48B-C1F4-4CF2-859E-B76A589BBB16}.Debug|Any CPU.ActiveCfg = Debug|Any CPU
		{6FB3D48B-C1F4-4CF2-859E-B76A589BBB16}.Debug|Any CPU.Build.0 = Debug|Any CPU
		{6FB3D48B-C1F4-4CF2-859E-B76A589BBB16}.Release|Any CPU.ActiveCfg = Release|Any CPU
		{6FB3D48B-C1F4-4CF2-859E-B76A589BBB16}.Release|Any CPU.Build.0 = Release|Any CPU
		{0A58CF68-7C27-4332-811A-2B6D3BD5EF18}.Debug|Any CPU.ActiveCfg = Debug|Any CPU
		{0A58CF68-7C27-4332-811A-2B6D3BD5EF18}.Debug|Any CPU.Build.0 = Debug|Any CPU
		{0A58CF68-7C27-4332-811A-2B6D3BD5EF18}.Release|Any CPU.ActiveCfg = Release|Any CPU
		{0A58CF68-7C27-4332-811A-2B6D3BD5EF18}.Release|Any CPU.Build.0 = Release|Any CPU
		{E8FB349C-D47A-4E24-83B8-6A2CCB3A60DA}.Debug|Any CPU.ActiveCfg = Debug|Any CPU
		{E8FB349C-D47A-4E24-83B8-6A2CCB3A60DA}.Debug|Any CPU.Build.0 = Debug|Any CPU
		{E8FB349C-D47A-4E24-83B8-6A2CCB3A60DA}.Release|Any CPU.ActiveCfg = Release|Any CPU
		{E8FB349C-D47A-4E24-83B8-6A2CCB3A60DA}.Release|Any CPU.Build.0 = Release|Any CPU
		{203BDCA5-2E5D-435B-97F3-FD446AA39FD1}.Debug|Any CPU.ActiveCfg = Debug|Any CPU
		{203BDCA5-2E5D-435B-97F3-FD446AA39FD1}.Debug|Any CPU.Build.0 = Debug|Any CPU
		{203BDCA5-2E5D-435B-97F3-FD446AA39FD1}.Release|Any CPU.ActiveCfg = Release|Any CPU
		{203BDCA5-2E5D-435B-97F3-FD446AA39FD1}.Release|Any CPU.Build.0 = Release|Any CPU
		{7ADA0635-4A4B-4974-8907-B50E0A5B5B6E}.Debug|Any CPU.ActiveCfg = Debug|Any CPU
		{7ADA0635-4A4B-4974-8907-B50E0A5B5B6E}.Debug|Any CPU.Build.0 = Debug|Any CPU
		{7ADA0635-4A4B-4974-8907-B50E0A5B5B6E}.Release|Any CPU.ActiveCfg = Release|Any CPU
		{7ADA0635-4A4B-4974-8907-B50E0A5B5B6E}.Release|Any CPU.Build.0 = Release|Any CPU
		{35E6BCBA-345C-4092-B3FA-F9AB06E09D3D}.Debug|Any CPU.ActiveCfg = Debug|Any CPU
		{35E6BCBA-345C-4092-B3FA-F9AB06E09D3D}.Debug|Any CPU.Build.0 = Debug|Any CPU
		{35E6BCBA-345C-4092-B3FA-F9AB06E09D3D}.Release|Any CPU.ActiveCfg = Release|Any CPU
		{35E6BCBA-345C-4092-B3FA-F9AB06E09D3D}.Release|Any CPU.Build.0 = Release|Any CPU
		{AF743F44-6E59-465B-94AA-491803F1F929}.Debug|Any CPU.ActiveCfg = Debug|Any CPU
		{AF743F44-6E59-465B-94AA-491803F1F929}.Debug|Any CPU.Build.0 = Debug|Any CPU
		{AF743F44-6E59-465B-94AA-491803F1F929}.Release|Any CPU.ActiveCfg = Release|Any CPU
		{AF743F44-6E59-465B-94AA-491803F1F929}.Release|Any CPU.Build.0 = Release|Any CPU
		{CDDE8557-1455-4E1F-9697-1EB4EC07615B}.Debug|Any CPU.ActiveCfg = Debug|Any CPU
		{CDDE8557-1455-4E1F-9697-1EB4EC07615B}.Debug|Any CPU.Build.0 = Debug|Any CPU
		{CDDE8557-1455-4E1F-9697-1EB4EC07615B}.Release|Any CPU.ActiveCfg = Release|Any CPU
		{CDDE8557-1455-4E1F-9697-1EB4EC07615B}.Release|Any CPU.Build.0 = Release|Any CPU
		{D9E36BAC-2E68-4C9B-A1BC-9970F35C723E}.Debug|Any CPU.ActiveCfg = Debug|Any CPU
		{D9E36BAC-2E68-4C9B-A1BC-9970F35C723E}.Debug|Any CPU.Build.0 = Debug|Any CPU
		{D9E36BAC-2E68-4C9B-A1BC-9970F35C723E}.Release|Any CPU.ActiveCfg = Release|Any CPU
		{D9E36BAC-2E68-4C9B-A1BC-9970F35C723E}.Release|Any CPU.Build.0 = Release|Any CPU
	EndGlobalSection
	GlobalSection(SolutionProperties) = preSolution
		HideSolutionNode = FALSE
	EndGlobalSection
	GlobalSection(NestedProjects) = preSolution
		{FE5CA9D9-A5ED-49E9-B5D7-7535DDB90FCD} = {F12E24EB-1CAB-434E-862C-6E6F060633CE}
		{79F7F6C7-A9CC-490F-B49C-FF18077B9812} = {9454214C-139A-40E3-A55E-2727D5F52C10}
		{54C6A785-6CC5-49B1-8D7F-60E2DDB67182} = {4003638C-96C3-41A3-9D0A-E2929468C7A7}
		{008B5888-EEC2-4CC4-AA31-AD4DB0FB1ECC} = {4003638C-96C3-41A3-9D0A-E2929468C7A7}
		{FA908EE7-15D1-49E3-8A54-447D8864AB50} = {F12E24EB-1CAB-434E-862C-6E6F060633CE}
		{EE28CE24-AC41-4A4B-99EE-ACC63A24EAD7} = {F12E24EB-1CAB-434E-862C-6E6F060633CE}
		{EA110D31-036C-4BEB-A03B-9C1A6BA3DA8B} = {2DFCA777-EE96-4E87-B596-1F2C8A664369}
		{C5C0FC66-6CC7-42BB-91EF-BD42A88BD63B} = {4003638C-96C3-41A3-9D0A-E2929468C7A7}
		{6FB3D48B-C1F4-4CF2-859E-B76A589BBB16} = {9B242BBA-E5D2-4F0B-8EE1-B8983EC9A200}
		{0A58CF68-7C27-4332-811A-2B6D3BD5EF18} = {9B242BBA-E5D2-4F0B-8EE1-B8983EC9A200}
		{E8FB349C-D47A-4E24-83B8-6A2CCB3A60DA} = {DCADFC83-F476-44C9-85FB-88545AA248CB}
		{203BDCA5-2E5D-435B-97F3-FD446AA39FD1} = {DCADFC83-F476-44C9-85FB-88545AA248CB}
		{7ADA0635-4A4B-4974-8907-B50E0A5B5B6E} = {B914FB3D-497E-431D-88DF-864F8AAF273E}
		{35E6BCBA-345C-4092-B3FA-F9AB06E09D3D} = {B914FB3D-497E-431D-88DF-864F8AAF273E}
		{AF743F44-6E59-465B-94AA-491803F1F929} = {B3ADF383-F3D4-4CE8-AD0C-9549FD34D44F}
		{CDDE8557-1455-4E1F-9697-1EB4EC07615B} = {B3ADF383-F3D4-4CE8-AD0C-9549FD34D44F}
		{D9E36BAC-2E68-4C9B-A1BC-9970F35C723E} = {D8054401-5BAB-4959-9AF1-EA750E4F33A1}
	EndGlobalSection
EndGlobal
