
Microsoft Visual Studio Solution File, Format Version 12.00
# Visual Studio 2013
VisualStudioVersion = 12.0.30501.0
MinimumVisualStudioVersion = 10.0.40219.1
Project("{FAE04EC0-301F-11D3-BF4B-00C04F79EFBC}") = "NumbersOfBabel", "NumbersOfBabel\NumbersOfBabel.csproj", "{83960CF6-A7D1-4C09-92A1-BA7FBCF6C0D6}"
EndProject
Project("{F2A71F9B-5D33-465A-A702-920D77279786}") = "NumbersTranslators", "NumbersTranslators\NumbersTranslators.fsproj", "{DE1DD935-654F-40A2-929E-49B2F205EF52}"
EndProject
Project("{FAE04EC0-301F-11D3-BF4B-00C04F79EFBC}") = "NumbersTest", "NumbersTest\NumbersTest.csproj", "{439D268B-F48C-4D15-9939-CC74425E6A27}"
EndProject
Project("{FAE04EC0-301F-11D3-BF4B-00C04F79EFBC}") = "NumbersTranslators.UnitTests", "NumbersTranslators.UnitTests\NumbersTranslators.UnitTests.csproj", "{106CDE14-DACF-4921-8B1E-7246F0734FDB}"
EndProject
Global
	GlobalSection(SolutionConfigurationPlatforms) = preSolution
		Debug|Any CPU = Debug|Any CPU
		Release|Any CPU = Release|Any CPU
	EndGlobalSection
	GlobalSection(ProjectConfigurationPlatforms) = postSolution
		{83960CF6-A7D1-4C09-92A1-BA7FBCF6C0D6}.Debug|Any CPU.ActiveCfg = Debug|Any CPU
		{83960CF6-A7D1-4C09-92A1-BA7FBCF6C0D6}.Debug|Any CPU.Build.0 = Debug|Any CPU
		{83960CF6-A7D1-4C09-92A1-BA7FBCF6C0D6}.Release|Any CPU.ActiveCfg = Release|Any CPU
		{83960CF6-A7D1-4C09-92A1-BA7FBCF6C0D6}.Release|Any CPU.Build.0 = Release|Any CPU
		{DE1DD935-654F-40A2-929E-49B2F205EF52}.Debug|Any CPU.ActiveCfg = Debug|Any CPU
		{DE1DD935-654F-40A2-929E-49B2F205EF52}.Debug|Any CPU.Build.0 = Debug|Any CPU
		{DE1DD935-654F-40A2-929E-49B2F205EF52}.Release|Any CPU.ActiveCfg = Release|Any CPU
		{DE1DD935-654F-40A2-929E-49B2F205EF52}.Release|Any CPU.Build.0 = Release|Any CPU
		{439D268B-F48C-4D15-9939-CC74425E6A27}.Debug|Any CPU.ActiveCfg = Debug|Any CPU
		{439D268B-F48C-4D15-9939-CC74425E6A27}.Debug|Any CPU.Build.0 = Debug|Any CPU
		{439D268B-F48C-4D15-9939-CC74425E6A27}.Release|Any CPU.ActiveCfg = Release|Any CPU
		{439D268B-F48C-4D15-9939-CC74425E6A27}.Release|Any CPU.Build.0 = Release|Any CPU
		{106CDE14-DACF-4921-8B1E-7246F0734FDB}.Debug|Any CPU.ActiveCfg = Debug|Any CPU
		{106CDE14-DACF-4921-8B1E-7246F0734FDB}.Debug|Any CPU.Build.0 = Debug|Any CPU
		{106CDE14-DACF-4921-8B1E-7246F0734FDB}.Release|Any CPU.ActiveCfg = Release|Any CPU
		{106CDE14-DACF-4921-8B1E-7246F0734FDB}.Release|Any CPU.Build.0 = Release|Any CPU
	EndGlobalSection
	GlobalSection(SolutionProperties) = preSolution
		HideSolutionNode = FALSE
	EndGlobalSection
EndGlobal
